
Microsoft Visual Studio Solution File, Format Version 12.00
# Visual Studio 15
VisualStudioVersion = 15.0.28010.2050
MinimumVisualStudioVersion = 10.0.40219.1
Project("{FAE04EC0-301F-11D3-BF4B-00C04F79EFBC}") = "MISProjectPS", "MISProjectPS\MISProjectPS.csproj", "{96940BBE-69D0-47DC-AF9B-A0ED66BD8153}"
EndProject
Global
	GlobalSection(SolutionConfigurationPlatforms) = preSolution
		Debug|Any CPU = Debug|Any CPU
		Release|Any CPU = Release|Any CPU
	EndGlobalSection
	GlobalSection(ProjectConfigurationPlatforms) = postSolution
		{96940BBE-69D0-47DC-AF9B-A0ED66BD8153}.Debug|Any CPU.ActiveCfg = Debug|Any CPU
		{96940BBE-69D0-47DC-AF9B-A0ED66BD8153}.Debug|Any CPU.Build.0 = Debug|Any CPU
		{96940BBE-69D0-47DC-AF9B-A0ED66BD8153}.Release|Any CPU.ActiveCfg = Release|Any CPU
		{96940BBE-69D0-47DC-AF9B-A0ED66BD8153}.Release|Any CPU.Build.0 = Release|Any CPU
	EndGlobalSection
	GlobalSection(SolutionProperties) = preSolution
		HideSolutionNode = FALSE
	EndGlobalSection
	GlobalSection(ExtensibilityGlobals) = postSolution
		SolutionGuid = {8CBACE65-B062-4404-868D-1AB2604995EE}
	EndGlobalSection
EndGlobal
